
Microsoft Visual Studio Solution File, Format Version 12.00
# Visual Studio 2013
VisualStudioVersion = 12.0.30723.0
MinimumVisualStudioVersion = 10.0.40219.1
Project("{FAE04EC0-301F-11D3-BF4B-00C04F79EFBC}") = "01.SequenceOfNumbers", "01.SequenceOfNumbers\01.SequenceOfNumbers.csproj", "{036FD1ED-B097-497A-B472-0122C1585938}"
EndProject
Project("{FAE04EC0-301F-11D3-BF4B-00C04F79EFBC}") = "02.StackReverse", "02.StackReverse\02.StackReverse.csproj", "{81CAB8E7-C9B5-40DA-B9A0-0F4F5227E595}"
EndProject
Project("{FAE04EC0-301F-11D3-BF4B-00C04F79EFBC}") = "03.SortingNumbers", "03.SortingNumbers\03.SortingNumbers.csproj", "{355B5C7A-D838-4D06-9030-195D5E0E601A}"
EndProject
Project("{FAE04EC0-301F-11D3-BF4B-00C04F79EFBC}") = "04.LongestSubsequence", "04.LongestSubsequence\04.LongestSubsequence.csproj", "{50E58073-A150-475A-A74D-F3CA78236129}"
EndProject
Project("{FAE04EC0-301F-11D3-BF4B-00C04F79EFBC}") = "05.RemoveNegativeNumbers", "05.RemoveNegativeNumbers\05.RemoveNegativeNumbers.csproj", "{F3AC5B81-F95A-4AB1-B89E-078514219DA1}"
EndProject
Project("{FAE04EC0-301F-11D3-BF4B-00C04F79EFBC}") = "06.RemoveAllOddTimesNumbers", "06.RemoveAllOddTimesNumbers\06.RemoveAllOddTimesNumbers.csproj", "{46D47928-BF89-4C5B-8D41-F45DAB6BCFD4}"
EndProject
Project("{FAE04EC0-301F-11D3-BF4B-00C04F79EFBC}") = "07.Occuarances", "07.Occuarances\07.Occuarances.csproj", "{BAC099C5-4B96-4693-AA3B-CC71920918B8}"
EndProject
Project("{FAE04EC0-301F-11D3-BF4B-00C04F79EFBC}") = "08.Majorant", "08.Majorant\08.Majorant.csproj", "{DE518852-DA3A-4930-AA8E-430A44FD9928}"
EndProject
Project("{FAE04EC0-301F-11D3-BF4B-00C04F79EFBC}") = "09.RecurrentSequence", "09.RecurrentSequence\09.RecurrentSequence.csproj", "{39A5520F-6353-49AC-984C-843B01B44EF2}"
EndProject
Project("{FAE04EC0-301F-11D3-BF4B-00C04F79EFBC}") = "10. ShortestSequence", "10. ShortestSequence\10. ShortestSequence.csproj", "{9AE33063-AEBD-423B-8411-A250D791FBEF}"
EndProject
Project("{FAE04EC0-301F-11D3-BF4B-00C04F79EFBC}") = "14.Labyrinth", "14.Labyrinth\14.Labyrinth.csproj", "{9D39C102-3083-46E6-85E2-3EC35D6EA042}"
EndProject
Project("{FAE04EC0-301F-11D3-BF4B-00C04F79EFBC}") = "11.LinkedList", "11.LinkedList\11.LinkedList.csproj", "{687EA33C-CD12-4A5A-A148-F4E3ABA5F543}"
EndProject
Project("{FAE04EC0-301F-11D3-BF4B-00C04F79EFBC}") = "12.Stack", "12.Stack\12.Stack.csproj", "{BCE8E64F-6C26-482C-948F-90FCF95F65B3}"
EndProject
Project("{FAE04EC0-301F-11D3-BF4B-00C04F79EFBC}") = "13.Queue", "13.Queue\13.Queue.csproj", "{2C095858-402E-44CA-B9DB-A450F516BC4C}"
EndProject
Global
	GlobalSection(SolutionConfigurationPlatforms) = preSolution
		Debug|Any CPU = Debug|Any CPU
		Release|Any CPU = Release|Any CPU
	EndGlobalSection
	GlobalSection(ProjectConfigurationPlatforms) = postSolution
		{036FD1ED-B097-497A-B472-0122C1585938}.Debug|Any CPU.ActiveCfg = Debug|Any CPU
		{036FD1ED-B097-497A-B472-0122C1585938}.Debug|Any CPU.Build.0 = Debug|Any CPU
		{036FD1ED-B097-497A-B472-0122C1585938}.Release|Any CPU.ActiveCfg = Release|Any CPU
		{036FD1ED-B097-497A-B472-0122C1585938}.Release|Any CPU.Build.0 = Release|Any CPU
		{81CAB8E7-C9B5-40DA-B9A0-0F4F5227E595}.Debug|Any CPU.ActiveCfg = Debug|Any CPU
		{81CAB8E7-C9B5-40DA-B9A0-0F4F5227E595}.Debug|Any CPU.Build.0 = Debug|Any CPU
		{81CAB8E7-C9B5-40DA-B9A0-0F4F5227E595}.Release|Any CPU.ActiveCfg = Release|Any CPU
		{81CAB8E7-C9B5-40DA-B9A0-0F4F5227E595}.Release|Any CPU.Build.0 = Release|Any CPU
		{355B5C7A-D838-4D06-9030-195D5E0E601A}.Debug|Any CPU.ActiveCfg = Debug|Any CPU
		{355B5C7A-D838-4D06-9030-195D5E0E601A}.Debug|Any CPU.Build.0 = Debug|Any CPU
		{355B5C7A-D838-4D06-9030-195D5E0E601A}.Release|Any CPU.ActiveCfg = Release|Any CPU
		{355B5C7A-D838-4D06-9030-195D5E0E601A}.Release|Any CPU.Build.0 = Release|Any CPU
		{50E58073-A150-475A-A74D-F3CA78236129}.Debug|Any CPU.ActiveCfg = Debug|Any CPU
		{50E58073-A150-475A-A74D-F3CA78236129}.Debug|Any CPU.Build.0 = Debug|Any CPU
		{50E58073-A150-475A-A74D-F3CA78236129}.Release|Any CPU.ActiveCfg = Release|Any CPU
		{50E58073-A150-475A-A74D-F3CA78236129}.Release|Any CPU.Build.0 = Release|Any CPU
		{F3AC5B81-F95A-4AB1-B89E-078514219DA1}.Debug|Any CPU.ActiveCfg = Debug|Any CPU
		{F3AC5B81-F95A-4AB1-B89E-078514219DA1}.Debug|Any CPU.Build.0 = Debug|Any CPU
		{F3AC5B81-F95A-4AB1-B89E-078514219DA1}.Release|Any CPU.ActiveCfg = Release|Any CPU
		{F3AC5B81-F95A-4AB1-B89E-078514219DA1}.Release|Any CPU.Build.0 = Release|Any CPU
		{46D47928-BF89-4C5B-8D41-F45DAB6BCFD4}.Debug|Any CPU.ActiveCfg = Debug|Any CPU
		{46D47928-BF89-4C5B-8D41-F45DAB6BCFD4}.Debug|Any CPU.Build.0 = Debug|Any CPU
		{46D47928-BF89-4C5B-8D41-F45DAB6BCFD4}.Release|Any CPU.ActiveCfg = Release|Any CPU
		{46D47928-BF89-4C5B-8D41-F45DAB6BCFD4}.Release|Any CPU.Build.0 = Release|Any CPU
		{BAC099C5-4B96-4693-AA3B-CC71920918B8}.Debug|Any CPU.ActiveCfg = Debug|Any CPU
		{BAC099C5-4B96-4693-AA3B-CC71920918B8}.Debug|Any CPU.Build.0 = Debug|Any CPU
		{BAC099C5-4B96-4693-AA3B-CC71920918B8}.Release|Any CPU.ActiveCfg = Release|Any CPU
		{BAC099C5-4B96-4693-AA3B-CC71920918B8}.Release|Any CPU.Build.0 = Release|Any CPU
		{DE518852-DA3A-4930-AA8E-430A44FD9928}.Debug|Any CPU.ActiveCfg = Debug|Any CPU
		{DE518852-DA3A-4930-AA8E-430A44FD9928}.Debug|Any CPU.Build.0 = Debug|Any CPU
		{DE518852-DA3A-4930-AA8E-430A44FD9928}.Release|Any CPU.ActiveCfg = Release|Any CPU
		{DE518852-DA3A-4930-AA8E-430A44FD9928}.Release|Any CPU.Build.0 = Release|Any CPU
		{39A5520F-6353-49AC-984C-843B01B44EF2}.Debug|Any CPU.ActiveCfg = Debug|Any CPU
		{39A5520F-6353-49AC-984C-843B01B44EF2}.Debug|Any CPU.Build.0 = Debug|Any CPU
		{39A5520F-6353-49AC-984C-843B01B44EF2}.Release|Any CPU.ActiveCfg = Release|Any CPU
		{39A5520F-6353-49AC-984C-843B01B44EF2}.Release|Any CPU.Build.0 = Release|Any CPU
		{9AE33063-AEBD-423B-8411-A250D791FBEF}.Debug|Any CPU.ActiveCfg = Debug|Any CPU
		{9AE33063-AEBD-423B-8411-A250D791FBEF}.Debug|Any CPU.Build.0 = Debug|Any CPU
		{9AE33063-AEBD-423B-8411-A250D791FBEF}.Release|Any CPU.ActiveCfg = Release|Any CPU
		{9AE33063-AEBD-423B-8411-A250D791FBEF}.Release|Any CPU.Build.0 = Release|Any CPU
		{9D39C102-3083-46E6-85E2-3EC35D6EA042}.Debug|Any CPU.ActiveCfg = Debug|Any CPU
		{9D39C102-3083-46E6-85E2-3EC35D6EA042}.Debug|Any CPU.Build.0 = Debug|Any CPU
		{9D39C102-3083-46E6-85E2-3EC35D6EA042}.Release|Any CPU.ActiveCfg = Release|Any CPU
		{9D39C102-3083-46E6-85E2-3EC35D6EA042}.Release|Any CPU.Build.0 = Release|Any CPU
		{687EA33C-CD12-4A5A-A148-F4E3ABA5F543}.Debug|Any CPU.ActiveCfg = Debug|Any CPU
		{687EA33C-CD12-4A5A-A148-F4E3ABA5F543}.Debug|Any CPU.Build.0 = Debug|Any CPU
		{687EA33C-CD12-4A5A-A148-F4E3ABA5F543}.Release|Any CPU.ActiveCfg = Release|Any CPU
		{687EA33C-CD12-4A5A-A148-F4E3ABA5F543}.Release|Any CPU.Build.0 = Release|Any CPU
		{BCE8E64F-6C26-482C-948F-90FCF95F65B3}.Debug|Any CPU.ActiveCfg = Debug|Any CPU
		{BCE8E64F-6C26-482C-948F-90FCF95F65B3}.Debug|Any CPU.Build.0 = Debug|Any CPU
		{BCE8E64F-6C26-482C-948F-90FCF95F65B3}.Release|Any CPU.ActiveCfg = Release|Any CPU
		{BCE8E64F-6C26-482C-948F-90FCF95F65B3}.Release|Any CPU.Build.0 = Release|Any CPU
		{2C095858-402E-44CA-B9DB-A450F516BC4C}.Debug|Any CPU.ActiveCfg = Debug|Any CPU
		{2C095858-402E-44CA-B9DB-A450F516BC4C}.Debug|Any CPU.Build.0 = Debug|Any CPU
		{2C095858-402E-44CA-B9DB-A450F516BC4C}.Release|Any CPU.ActiveCfg = Release|Any CPU
		{2C095858-402E-44CA-B9DB-A450F516BC4C}.Release|Any CPU.Build.0 = Release|Any CPU
	EndGlobalSection
	GlobalSection(SolutionProperties) = preSolution
		HideSolutionNode = FALSE
	EndGlobalSection
EndGlobal
