
Microsoft Visual Studio Solution File, Format Version 12.00
# Visual Studio 2013
VisualStudioVersion = 12.0.30723.0
MinimumVisualStudioVersion = 10.0.40219.1
Project("{FAE04EC0-301F-11D3-BF4B-00C04F79EFBC}") = "StudentSystem.Models", "StudentSystem.Models\StudentSystem.Models.csproj", "{B02C0C3F-9569-4BB1-82D9-DD9D56979182}"
EndProject
Project("{FAE04EC0-301F-11D3-BF4B-00C04F79EFBC}") = "StudentSystem.Data", "StudentSystem.Data\StudentSystem.Data.csproj", "{E8B5CFA4-65D1-44A8-8750-71D763B9F4A0}"
EndProject
Project("{FAE04EC0-301F-11D3-BF4B-00C04F79EFBC}") = "StudentSystem.Console", "StudentSystem.Console\StudentSystem.Console.csproj", "{D2EB8E6C-EBAC-42FA-8F2C-5609CD764179}"
EndProject
Global
	GlobalSection(SolutionConfigurationPlatforms) = preSolution
		Debug|Any CPU = Debug|Any CPU
		Release|Any CPU = Release|Any CPU
	EndGlobalSection
	GlobalSection(ProjectConfigurationPlatforms) = postSolution
		{B02C0C3F-9569-4BB1-82D9-DD9D56979182}.Debug|Any CPU.ActiveCfg = Debug|Any CPU
		{B02C0C3F-9569-4BB1-82D9-DD9D56979182}.Debug|Any CPU.Build.0 = Debug|Any CPU
		{B02C0C3F-9569-4BB1-82D9-DD9D56979182}.Release|Any CPU.ActiveCfg = Release|Any CPU
		{B02C0C3F-9569-4BB1-82D9-DD9D56979182}.Release|Any CPU.Build.0 = Release|Any CPU
		{E8B5CFA4-65D1-44A8-8750-71D763B9F4A0}.Debug|Any CPU.ActiveCfg = Debug|Any CPU
		{E8B5CFA4-65D1-44A8-8750-71D763B9F4A0}.Debug|Any CPU.Build.0 = Debug|Any CPU
		{E8B5CFA4-65D1-44A8-8750-71D763B9F4A0}.Release|Any CPU.ActiveCfg = Release|Any CPU
		{E8B5CFA4-65D1-44A8-8750-71D763B9F4A0}.Release|Any CPU.Build.0 = Release|Any CPU
		{D2EB8E6C-EBAC-42FA-8F2C-5609CD764179}.Debug|Any CPU.ActiveCfg = Debug|Any CPU
		{D2EB8E6C-EBAC-42FA-8F2C-5609CD764179}.Debug|Any CPU.Build.0 = Debug|Any CPU
		{D2EB8E6C-EBAC-42FA-8F2C-5609CD764179}.Release|Any CPU.ActiveCfg = Release|Any CPU
		{D2EB8E6C-EBAC-42FA-8F2C-5609CD764179}.Release|Any CPU.Build.0 = Release|Any CPU
	EndGlobalSection
	GlobalSection(SolutionProperties) = preSolution
		HideSolutionNode = FALSE
	EndGlobalSection
EndGlobal
