
Microsoft Visual Studio Solution File, Format Version 12.00
# Visual Studio 2013
VisualStudioVersion = 12.0.21005.1
MinimumVisualStudioVersion = 10.0.40219.1
Project("{9092AA53-FB77-4645-B42D-1CCCA6BD08BD}") = "Sequences", "ExamPreparation\Sequences.njsproj", "{7C86E8C9-14A7-495B-AE3A-087955595394}"
EndProject
Project("{9092AA53-FB77-4645-B42D-1CCCA6BD08BD}") = "JoroTheNaughty", "JoroTheNaughty\JoroTheNaughty.njsproj", "{52E6CF2E-E6A0-4749-82A1-8A2BF5DA0CE9}"
EndProject
Project("{9092AA53-FB77-4645-B42D-1CCCA6BD08BD}") = "MaxSum", "MaxSum\MaxSum.njsproj", "{290173F1-DBF7-4E9D-89F5-BF66A1982304}"
EndProject
Project("{9092AA53-FB77-4645-B42D-1CCCA6BD08BD}") = "LabyrinthEscape", "LabyrinthEscape\LabyrinthEscape.njsproj", "{AF6C97E6-4E59-4872-8B1E-3A67207177CB}"
EndProject
Project("{9092AA53-FB77-4645-B42D-1CCCA6BD08BD}") = "Listy", "Listy\Listy.njsproj", "{27ADCD75-7401-466F-BEA5-B5F044F55745}"
EndProject
Global
	GlobalSection(SolutionConfigurationPlatforms) = preSolution
		Debug|Any CPU = Debug|Any CPU
		Release|Any CPU = Release|Any CPU
	EndGlobalSection
	GlobalSection(ProjectConfigurationPlatforms) = postSolution
		{7C86E8C9-14A7-495B-AE3A-087955595394}.Debug|Any CPU.ActiveCfg = Debug|Any CPU
		{7C86E8C9-14A7-495B-AE3A-087955595394}.Debug|Any CPU.Build.0 = Debug|Any CPU
		{7C86E8C9-14A7-495B-AE3A-087955595394}.Release|Any CPU.ActiveCfg = Release|Any CPU
		{7C86E8C9-14A7-495B-AE3A-087955595394}.Release|Any CPU.Build.0 = Release|Any CPU
		{52E6CF2E-E6A0-4749-82A1-8A2BF5DA0CE9}.Debug|Any CPU.ActiveCfg = Debug|Any CPU
		{52E6CF2E-E6A0-4749-82A1-8A2BF5DA0CE9}.Debug|Any CPU.Build.0 = Debug|Any CPU
		{52E6CF2E-E6A0-4749-82A1-8A2BF5DA0CE9}.Release|Any CPU.ActiveCfg = Release|Any CPU
		{52E6CF2E-E6A0-4749-82A1-8A2BF5DA0CE9}.Release|Any CPU.Build.0 = Release|Any CPU
		{290173F1-DBF7-4E9D-89F5-BF66A1982304}.Debug|Any CPU.ActiveCfg = Debug|Any CPU
		{290173F1-DBF7-4E9D-89F5-BF66A1982304}.Debug|Any CPU.Build.0 = Debug|Any CPU
		{290173F1-DBF7-4E9D-89F5-BF66A1982304}.Release|Any CPU.ActiveCfg = Release|Any CPU
		{290173F1-DBF7-4E9D-89F5-BF66A1982304}.Release|Any CPU.Build.0 = Release|Any CPU
		{AF6C97E6-4E59-4872-8B1E-3A67207177CB}.Debug|Any CPU.ActiveCfg = Debug|Any CPU
		{AF6C97E6-4E59-4872-8B1E-3A67207177CB}.Debug|Any CPU.Build.0 = Debug|Any CPU
		{AF6C97E6-4E59-4872-8B1E-3A67207177CB}.Release|Any CPU.ActiveCfg = Release|Any CPU
		{AF6C97E6-4E59-4872-8B1E-3A67207177CB}.Release|Any CPU.Build.0 = Release|Any CPU
		{27ADCD75-7401-466F-BEA5-B5F044F55745}.Debug|Any CPU.ActiveCfg = Debug|Any CPU
		{27ADCD75-7401-466F-BEA5-B5F044F55745}.Debug|Any CPU.Build.0 = Debug|Any CPU
		{27ADCD75-7401-466F-BEA5-B5F044F55745}.Release|Any CPU.ActiveCfg = Release|Any CPU
		{27ADCD75-7401-466F-BEA5-B5F044F55745}.Release|Any CPU.Build.0 = Release|Any CPU
	EndGlobalSection
	GlobalSection(SolutionProperties) = preSolution
		HideSolutionNode = FALSE
	EndGlobalSection
EndGlobal
