
Microsoft Visual Studio Solution File, Format Version 12.00
# Visual Studio 2013
VisualStudioVersion = 12.0.30501.0
MinimumVisualStudioVersion = 10.0.40219.1
Project("{FAE04EC0-301F-11D3-BF4B-00C04F79EFBC}") = "ComputerSystem", "ComputerSystem\ComputerSystem.csproj", "{4BFBAA9D-D306-4463-9AC8-8A202FC43C4C}"
EndProject
Project("{FAE04EC0-301F-11D3-BF4B-00C04F79EFBC}") = "ComputerSystem.Core", "ComputerSystem.Core\ComputerSystem.Core.csproj", "{25F90978-EEC3-4E86-9385-041F5B269CA1}"
EndProject
Project("{FAE04EC0-301F-11D3-BF4B-00C04F79EFBC}") = "ComputerSystem.Tests", "ComputerSystem.Tests\ComputerSystem.Tests.csproj", "{557C03D7-CD2E-4C5C-B0E0-04003ADB561E}"
EndProject
Global
	GlobalSection(SolutionConfigurationPlatforms) = preSolution
		Debug|Any CPU = Debug|Any CPU
		Release|Any CPU = Release|Any CPU
	EndGlobalSection
	GlobalSection(ProjectConfigurationPlatforms) = postSolution
		{4BFBAA9D-D306-4463-9AC8-8A202FC43C4C}.Debug|Any CPU.ActiveCfg = Debug|Any CPU
		{4BFBAA9D-D306-4463-9AC8-8A202FC43C4C}.Debug|Any CPU.Build.0 = Debug|Any CPU
		{4BFBAA9D-D306-4463-9AC8-8A202FC43C4C}.Release|Any CPU.ActiveCfg = Release|Any CPU
		{4BFBAA9D-D306-4463-9AC8-8A202FC43C4C}.Release|Any CPU.Build.0 = Release|Any CPU
		{25F90978-EEC3-4E86-9385-041F5B269CA1}.Debug|Any CPU.ActiveCfg = Debug|Any CPU
		{25F90978-EEC3-4E86-9385-041F5B269CA1}.Debug|Any CPU.Build.0 = Debug|Any CPU
		{25F90978-EEC3-4E86-9385-041F5B269CA1}.Release|Any CPU.ActiveCfg = Release|Any CPU
		{25F90978-EEC3-4E86-9385-041F5B269CA1}.Release|Any CPU.Build.0 = Release|Any CPU
		{557C03D7-CD2E-4C5C-B0E0-04003ADB561E}.Debug|Any CPU.ActiveCfg = Debug|Any CPU
		{557C03D7-CD2E-4C5C-B0E0-04003ADB561E}.Debug|Any CPU.Build.0 = Debug|Any CPU
		{557C03D7-CD2E-4C5C-B0E0-04003ADB561E}.Release|Any CPU.ActiveCfg = Release|Any CPU
		{557C03D7-CD2E-4C5C-B0E0-04003ADB561E}.Release|Any CPU.Build.0 = Release|Any CPU
	EndGlobalSection
	GlobalSection(SolutionProperties) = preSolution
		HideSolutionNode = FALSE
	EndGlobalSection
EndGlobal
