
Microsoft Visual Studio Solution File, Format Version 12.00
# Visual Studio 2013
VisualStudioVersion = 12.0.21005.1
MinimumVisualStudioVersion = 10.0.40219.1
Project("{9092AA53-FB77-4645-B42D-1CCCA6BD08BD}") = "Exam", "Exam\Exam.njsproj", "{2FEFB3E1-9907-4370-8EB3-1D82A621B933}"
EndProject
Project("{9092AA53-FB77-4645-B42D-1CCCA6BD08BD}") = "Exercise2", "Exercise2\Exercise2.njsproj", "{8C90ECCD-16BC-463C-A465-85884395046F}"
EndProject
Project("{9092AA53-FB77-4645-B42D-1CCCA6BD08BD}") = "Exercise3", "Exercise3\Exercise3.njsproj", "{9408F5DE-3DFB-4284-9BEA-53429566A17F}"
EndProject
Project("{9092AA53-FB77-4645-B42D-1CCCA6BD08BD}") = "NodejsConsoleApp1", "NodejsConsoleApp1\NodejsConsoleApp1.njsproj", "{7E4C99AD-9790-48EB-BC2D-9AB0E44ED473}"
EndProject
Global
	GlobalSection(SolutionConfigurationPlatforms) = preSolution
		Debug|Any CPU = Debug|Any CPU
		Release|Any CPU = Release|Any CPU
	EndGlobalSection
	GlobalSection(ProjectConfigurationPlatforms) = postSolution
		{2FEFB3E1-9907-4370-8EB3-1D82A621B933}.Debug|Any CPU.ActiveCfg = Debug|Any CPU
		{2FEFB3E1-9907-4370-8EB3-1D82A621B933}.Debug|Any CPU.Build.0 = Debug|Any CPU
		{2FEFB3E1-9907-4370-8EB3-1D82A621B933}.Release|Any CPU.ActiveCfg = Release|Any CPU
		{2FEFB3E1-9907-4370-8EB3-1D82A621B933}.Release|Any CPU.Build.0 = Release|Any CPU
		{8C90ECCD-16BC-463C-A465-85884395046F}.Debug|Any CPU.ActiveCfg = Debug|Any CPU
		{8C90ECCD-16BC-463C-A465-85884395046F}.Debug|Any CPU.Build.0 = Debug|Any CPU
		{8C90ECCD-16BC-463C-A465-85884395046F}.Release|Any CPU.ActiveCfg = Release|Any CPU
		{8C90ECCD-16BC-463C-A465-85884395046F}.Release|Any CPU.Build.0 = Release|Any CPU
		{9408F5DE-3DFB-4284-9BEA-53429566A17F}.Debug|Any CPU.ActiveCfg = Debug|Any CPU
		{9408F5DE-3DFB-4284-9BEA-53429566A17F}.Debug|Any CPU.Build.0 = Debug|Any CPU
		{9408F5DE-3DFB-4284-9BEA-53429566A17F}.Release|Any CPU.ActiveCfg = Release|Any CPU
		{9408F5DE-3DFB-4284-9BEA-53429566A17F}.Release|Any CPU.Build.0 = Release|Any CPU
		{7E4C99AD-9790-48EB-BC2D-9AB0E44ED473}.Debug|Any CPU.ActiveCfg = Debug|Any CPU
		{7E4C99AD-9790-48EB-BC2D-9AB0E44ED473}.Debug|Any CPU.Build.0 = Debug|Any CPU
		{7E4C99AD-9790-48EB-BC2D-9AB0E44ED473}.Release|Any CPU.ActiveCfg = Release|Any CPU
		{7E4C99AD-9790-48EB-BC2D-9AB0E44ED473}.Release|Any CPU.Build.0 = Release|Any CPU
	EndGlobalSection
	GlobalSection(SolutionProperties) = preSolution
		HideSolutionNode = FALSE
	EndGlobalSection
EndGlobal
